
Microsoft Visual Studio Solution File, Format Version 12.00
# Visual Studio Version 17
VisualStudioVersion = 17.5.33516.290
MinimumVisualStudioVersion = 10.0.40219.1
Project("{FAE04EC0-301F-11D3-BF4B-00C04F79EFBC}") = "ConsoleApp1", "ConsoleApp1\ConsoleApp1.csproj", "{4A8D48A5-6491-400F-9B28-DC82C0004CA6}"
EndProject
Global
	GlobalSection(SolutionConfigurationPlatforms) = preSolution
		Debug|Any CPU = Debug|Any CPU
		Release|Any CPU = Release|Any CPU
	EndGlobalSection
	GlobalSection(ProjectConfigurationPlatforms) = postSolution
		{4A8D48A5-6491-400F-9B28-DC82C0004CA6}.Debug|Any CPU.ActiveCfg = Debug|Any CPU
		{4A8D48A5-6491-400F-9B28-DC82C0004CA6}.Debug|Any CPU.Build.0 = Debug|Any CPU
		{4A8D48A5-6491-400F-9B28-DC82C0004CA6}.Release|Any CPU.ActiveCfg = Release|Any CPU
		{4A8D48A5-6491-400F-9B28-DC82C0004CA6}.Release|Any CPU.Build.0 = Release|Any CPU
	EndGlobalSection
	GlobalSection(SolutionProperties) = preSolution
		HideSolutionNode = FALSE
	EndGlobalSection
	GlobalSection(ExtensibilityGlobals) = postSolution
		SolutionGuid = {80D50842-564D-40ED-868D-1CE7976AA8BB}
	EndGlobalSection
EndGlobal
